
Microsoft Visual Studio Solution File, Format Version 12.00
# Visual Studio Version 17
VisualStudioVersion = 17.11.35312.102
MinimumVisualStudioVersion = 10.0.40219.1
Project("{8BC9CEB8-8B4A-11D0-8D11-00A0C91BC942}") = "IntelliPort", "IntelliPort.vcxproj", "{2A1D0D2F-BF76-4089-AAA1-4E6A8382334D}"
	ProjectSection(ProjectDependencies) = postProject
		{B404DF9B-63E6-4D23-8116-A0C28B9DA2A7} = {B404DF9B-63E6-4D23-8116-A0C28B9DA2A7}
	EndProjectSection
EndProject
Project("{54435603-DBB4-11D2-8724-00A0C9A8B90C}") = "Setup", "Setup\Setup.vdproj", "{683DF0D9-53F7-4CFC-B5AC-F74F5468874F}"
EndProject
Project("{8BC9CEB8-8B4A-11D0-8D11-00A0C91BC942}") = "genUp4win", "genUp4win\genUp4win.vcxproj", "{B404DF9B-63E6-4D23-8116-A0C28B9DA2A7}"
EndProject
Global
	GlobalSection(SolutionConfigurationPlatforms) = preSolution
		Debug|Win32 = Debug|Win32
		Debug|x64 = Debug|x64
		Release|Win32 = Release|Win32
		Release|x64 = Release|x64
	EndGlobalSection
	GlobalSection(ProjectConfigurationPlatforms) = postSolution
		{2A1D0D2F-BF76-4089-AAA1-4E6A8382334D}.Debug|Win32.ActiveCfg = Debug|Win32
		{2A1D0D2F-BF76-4089-AAA1-4E6A8382334D}.Debug|Win32.Build.0 = Debug|Win32
		{2A1D0D2F-BF76-4089-AAA1-4E6A8382334D}.Debug|x64.ActiveCfg = Debug|x64
		{2A1D0D2F-BF76-4089-AAA1-4E6A8382334D}.Debug|x64.Build.0 = Debug|x64
		{2A1D0D2F-BF76-4089-AAA1-4E6A8382334D}.Release|Win32.ActiveCfg = Release|Win32
		{2A1D0D2F-BF76-4089-AAA1-4E6A8382334D}.Release|Win32.Build.0 = Release|Win32
		{2A1D0D2F-BF76-4089-AAA1-4E6A8382334D}.Release|x64.ActiveCfg = Release|x64
		{2A1D0D2F-BF76-4089-AAA1-4E6A8382334D}.Release|x64.Build.0 = Release|x64
		{683DF0D9-53F7-4CFC-B5AC-F74F5468874F}.Debug|Win32.ActiveCfg = Debug
		{683DF0D9-53F7-4CFC-B5AC-F74F5468874F}.Debug|x64.ActiveCfg = Debug
		{683DF0D9-53F7-4CFC-B5AC-F74F5468874F}.Debug|x64.Build.0 = Debug
		{683DF0D9-53F7-4CFC-B5AC-F74F5468874F}.Release|Win32.ActiveCfg = Release
		{683DF0D9-53F7-4CFC-B5AC-F74F5468874F}.Release|x64.ActiveCfg = Release
		{683DF0D9-53F7-4CFC-B5AC-F74F5468874F}.Release|x64.Build.0 = Release
		{B404DF9B-63E6-4D23-8116-A0C28B9DA2A7}.Debug|Win32.ActiveCfg = Debug|Win32
		{B404DF9B-63E6-4D23-8116-A0C28B9DA2A7}.Debug|Win32.Build.0 = Debug|Win32
		{B404DF9B-63E6-4D23-8116-A0C28B9DA2A7}.Debug|x64.ActiveCfg = Debug|x64
		{B404DF9B-63E6-4D23-8116-A0C28B9DA2A7}.Debug|x64.Build.0 = Debug|x64
		{B404DF9B-63E6-4D23-8116-A0C28B9DA2A7}.Release|Win32.ActiveCfg = Release|Win32
		{B404DF9B-63E6-4D23-8116-A0C28B9DA2A7}.Release|Win32.Build.0 = Release|Win32
		{B404DF9B-63E6-4D23-8116-A0C28B9DA2A7}.Release|x64.ActiveCfg = Release|x64
		{B404DF9B-63E6-4D23-8116-A0C28B9DA2A7}.Release|x64.Build.0 = Release|x64
	EndGlobalSection
	GlobalSection(SolutionProperties) = preSolution
		HideSolutionNode = FALSE
	EndGlobalSection
EndGlobal
